
Microsoft Visual Studio Solution File, Format Version 12.00
# Visual Studio Version 17
VisualStudioVersion = 17.0.31903.59
MinimumVisualStudioVersion = 10.0.40219.1
Project("{2150E333-8FDC-42A3-9474-1A3956D46DE8}") = "src", "src", "{827E0CD3-B72D-47B6-A68D-7590B98EB39B}"
EndProject
Project("{FAE04EC0-301F-11D3-BF4B-00C04F79EFBC}") = "LifeManager.Domain", "src\LifeManager.Domain\LifeManager.Domain.csproj", "{8E8C485F-476B-4906-857B-0BE41038C3B3}"
EndProject
Project("{FAE04EC0-301F-11D3-BF4B-00C04F79EFBC}") = "LifeManager.Application", "src\LifeManager.Application\LifeManager.Application.csproj", "{CEF722BE-91F3-4250-B202-09E793C70C41}"
EndProject
Project("{FAE04EC0-301F-11D3-BF4B-00C04F79EFBC}") = "LifeManager.Infrastructure", "src\LifeManager.Infrastructure\LifeManager.Infrastructure.csproj", "{33910ECF-B293-4C1B-929F-98ED3DB0C5F4}"
EndProject
Project("{FAE04EC0-301F-11D3-BF4B-00C04F79EFBC}") = "LifeManager.API", "src\LifeManager.API\LifeManager.API.csproj", "{B9FC0F73-C03A-449B-8EC5-80BAF220FF78}"
EndProject
Project("{FAE04EC0-301F-11D3-BF4B-00C04F79EFBC}") = "LifeManager.Domain.Tests", "tests\LifeManager.Domain.Tests\LifeManager.Domain.Tests.csproj", "{2D6E947A-4997-456E-9875-D9A7C8152E0D}"
EndProject
Project("{FAE04EC0-301F-11D3-BF4B-00C04F79EFBC}") = "LifeManager.Application.Tests", "tests\LifeManager.Application.Tests\LifeManager.Application.Tests.csproj", "{F1C3C344-ED47-4C69-ADE3-DBF8E2475642}"
EndProject
Project("{FAE04EC0-301F-11D3-BF4B-00C04F79EFBC}") = "LifeManager.Integration.Tests", "tests\LifeManager.Integration.Tests\LifeManager.Integration.Tests.csproj", "{8A4B2DD8-C7AE-4DE3-96F2-B03C8C772213}"
EndProject
Global
	GlobalSection(SolutionConfigurationPlatforms) = preSolution
		Debug|Any CPU = Debug|Any CPU
		Debug|x64 = Debug|x64
		Debug|x86 = Debug|x86
		Release|Any CPU = Release|Any CPU
		Release|x64 = Release|x64
		Release|x86 = Release|x86
	EndGlobalSection
	GlobalSection(ProjectConfigurationPlatforms) = postSolution
		{8E8C485F-476B-4906-857B-0BE41038C3B3}.Debug|Any CPU.ActiveCfg = Debug|Any CPU
		{8E8C485F-476B-4906-857B-0BE41038C3B3}.Debug|Any CPU.Build.0 = Debug|Any CPU
		{8E8C485F-476B-4906-857B-0BE41038C3B3}.Debug|x64.ActiveCfg = Debug|Any CPU
		{8E8C485F-476B-4906-857B-0BE41038C3B3}.Debug|x64.Build.0 = Debug|Any CPU
		{8E8C485F-476B-4906-857B-0BE41038C3B3}.Debug|x86.ActiveCfg = Debug|Any CPU
		{8E8C485F-476B-4906-857B-0BE41038C3B3}.Debug|x86.Build.0 = Debug|Any CPU
		{8E8C485F-476B-4906-857B-0BE41038C3B3}.Release|Any CPU.ActiveCfg = Release|Any CPU
		{8E8C485F-476B-4906-857B-0BE41038C3B3}.Release|Any CPU.Build.0 = Release|Any CPU
		{8E8C485F-476B-4906-857B-0BE41038C3B3}.Release|x64.ActiveCfg = Release|Any CPU
		{8E8C485F-476B-4906-857B-0BE41038C3B3}.Release|x64.Build.0 = Release|Any CPU
		{8E8C485F-476B-4906-857B-0BE41038C3B3}.Release|x86.ActiveCfg = Release|Any CPU
		{8E8C485F-476B-4906-857B-0BE41038C3B3}.Release|x86.Build.0 = Release|Any CPU
		{CEF722BE-91F3-4250-B202-09E793C70C41}.Debug|Any CPU.ActiveCfg = Debug|Any CPU
		{CEF722BE-91F3-4250-B202-09E793C70C41}.Debug|Any CPU.Build.0 = Debug|Any CPU
		{CEF722BE-91F3-4250-B202-09E793C70C41}.Debug|x64.ActiveCfg = Debug|Any CPU
		{CEF722BE-91F3-4250-B202-09E793C70C41}.Debug|x64.Build.0 = Debug|Any CPU
		{CEF722BE-91F3-4250-B202-09E793C70C41}.Debug|x86.ActiveCfg = Debug|Any CPU
		{CEF722BE-91F3-4250-B202-09E793C70C41}.Debug|x86.Build.0 = Debug|Any CPU
		{CEF722BE-91F3-4250-B202-09E793C70C41}.Release|Any CPU.ActiveCfg = Release|Any CPU
		{CEF722BE-91F3-4250-B202-09E793C70C41}.Release|Any CPU.Build.0 = Release|Any CPU
		{CEF722BE-91F3-4250-B202-09E793C70C41}.Release|x64.ActiveCfg = Release|Any CPU
		{CEF722BE-91F3-4250-B202-09E793C70C41}.Release|x64.Build.0 = Release|Any CPU
		{CEF722BE-91F3-4250-B202-09E793C70C41}.Release|x86.ActiveCfg = Release|Any CPU
		{CEF722BE-91F3-4250-B202-09E793C70C41}.Release|x86.Build.0 = Release|Any CPU
		{33910ECF-B293-4C1B-929F-98ED3DB0C5F4}.Debug|Any CPU.ActiveCfg = Debug|Any CPU
		{33910ECF-B293-4C1B-929F-98ED3DB0C5F4}.Debug|Any CPU.Build.0 = Debug|Any CPU
		{33910ECF-B293-4C1B-929F-98ED3DB0C5F4}.Debug|x64.ActiveCfg = Debug|Any CPU
		{33910ECF-B293-4C1B-929F-98ED3DB0C5F4}.Debug|x64.Build.0 = Debug|Any CPU
		{33910ECF-B293-4C1B-929F-98ED3DB0C5F4}.Debug|x86.ActiveCfg = Debug|Any CPU
		{33910ECF-B293-4C1B-929F-98ED3DB0C5F4}.Debug|x86.Build.0 = Debug|Any CPU
		{33910ECF-B293-4C1B-929F-98ED3DB0C5F4}.Release|Any CPU.ActiveCfg = Release|Any CPU
		{33910ECF-B293-4C1B-929F-98ED3DB0C5F4}.Release|Any CPU.Build.0 = Release|Any CPU
		{33910ECF-B293-4C1B-929F-98ED3DB0C5F4}.Release|x64.ActiveCfg = Release|Any CPU
		{33910ECF-B293-4C1B-929F-98ED3DB0C5F4}.Release|x64.Build.0 = Release|Any CPU
		{33910ECF-B293-4C1B-929F-98ED3DB0C5F4}.Release|x86.ActiveCfg = Release|Any CPU
		{33910ECF-B293-4C1B-929F-98ED3DB0C5F4}.Release|x86.Build.0 = Release|Any CPU
		{B9FC0F73-C03A-449B-8EC5-80BAF220FF78}.Debug|Any CPU.ActiveCfg = Debug|Any CPU
		{B9FC0F73-C03A-449B-8EC5-80BAF220FF78}.Debug|Any CPU.Build.0 = Debug|Any CPU
		{B9FC0F73-C03A-449B-8EC5-80BAF220FF78}.Debug|x64.ActiveCfg = Debug|Any CPU
		{B9FC0F73-C03A-449B-8EC5-80BAF220FF78}.Debug|x64.Build.0 = Debug|Any CPU
		{B9FC0F73-C03A-449B-8EC5-80BAF220FF78}.Debug|x86.ActiveCfg = Debug|Any CPU
		{B9FC0F73-C03A-449B-8EC5-80BAF220FF78}.Debug|x86.Build.0 = Debug|Any CPU
		{B9FC0F73-C03A-449B-8EC5-80BAF220FF78}.Release|Any CPU.ActiveCfg = Release|Any CPU
		{B9FC0F73-C03A-449B-8EC5-80BAF220FF78}.Release|Any CPU.Build.0 = Release|Any CPU
		{B9FC0F73-C03A-449B-8EC5-80BAF220FF78}.Release|x64.ActiveCfg = Release|Any CPU
		{B9FC0F73-C03A-449B-8EC5-80BAF220FF78}.Release|x64.Build.0 = Release|Any CPU
		{B9FC0F73-C03A-449B-8EC5-80BAF220FF78}.Release|x86.ActiveCfg = Release|Any CPU
		{B9FC0F73-C03A-449B-8EC5-80BAF220FF78}.Release|x86.Build.0 = Release|Any CPU
		{2D6E947A-4997-456E-9875-D9A7C8152E0D}.Debug|Any CPU.ActiveCfg = Debug|Any CPU
		{2D6E947A-4997-456E-9875-D9A7C8152E0D}.Debug|Any CPU.Build.0 = Debug|Any CPU
		{2D6E947A-4997-456E-9875-D9A7C8152E0D}.Debug|x64.ActiveCfg = Debug|Any CPU
		{2D6E947A-4997-456E-9875-D9A7C8152E0D}.Debug|x64.Build.0 = Debug|Any CPU
		{2D6E947A-4997-456E-9875-D9A7C8152E0D}.Debug|x86.ActiveCfg = Debug|Any CPU
		{2D6E947A-4997-456E-9875-D9A7C8152E0D}.Debug|x86.Build.0 = Debug|Any CPU
		{2D6E947A-4997-456E-9875-D9A7C8152E0D}.Release|Any CPU.ActiveCfg = Release|Any CPU
		{2D6E947A-4997-456E-9875-D9A7C8152E0D}.Release|Any CPU.Build.0 = Release|Any CPU
		{2D6E947A-4997-456E-9875-D9A7C8152E0D}.Release|x64.ActiveCfg = Release|Any CPU
		{2D6E947A-4997-456E-9875-D9A7C8152E0D}.Release|x64.Build.0 = Release|Any CPU
		{2D6E947A-4997-456E-9875-D9A7C8152E0D}.Release|x86.ActiveCfg = Release|Any CPU
		{2D6E947A-4997-456E-9875-D9A7C8152E0D}.Release|x86.Build.0 = Release|Any CPU
		{F1C3C344-ED47-4C69-ADE3-DBF8E2475642}.Debug|Any CPU.ActiveCfg = Debug|Any CPU
		{F1C3C344-ED47-4C69-ADE3-DBF8E2475642}.Debug|Any CPU.Build.0 = Debug|Any CPU
		{F1C3C344-ED47-4C69-ADE3-DBF8E2475642}.Debug|x64.ActiveCfg = Debug|Any CPU
		{F1C3C344-ED47-4C69-ADE3-DBF8E2475642}.Debug|x64.Build.0 = Debug|Any CPU
		{F1C3C344-ED47-4C69-ADE3-DBF8E2475642}.Debug|x86.ActiveCfg = Debug|Any CPU
		{F1C3C344-ED47-4C69-ADE3-DBF8E2475642}.Debug|x86.Build.0 = Debug|Any CPU
		{F1C3C344-ED47-4C69-ADE3-DBF8E2475642}.Release|Any CPU.ActiveCfg = Release|Any CPU
		{F1C3C344-ED47-4C69-ADE3-DBF8E2475642}.Release|Any CPU.Build.0 = Release|Any CPU
		{F1C3C344-ED47-4C69-ADE3-DBF8E2475642}.Release|x64.ActiveCfg = Release|Any CPU
		{F1C3C344-ED47-4C69-ADE3-DBF8E2475642}.Release|x64.Build.0 = Release|Any CPU
		{F1C3C344-ED47-4C69-ADE3-DBF8E2475642}.Release|x86.ActiveCfg = Release|Any CPU
		{F1C3C344-ED47-4C69-ADE3-DBF8E2475642}.Release|x86.Build.0 = Release|Any CPU
		{8A4B2DD8-C7AE-4DE3-96F2-B03C8C772213}.Debug|Any CPU.ActiveCfg = Debug|Any CPU
		{8A4B2DD8-C7AE-4DE3-96F2-B03C8C772213}.Debug|Any CPU.Build.0 = Debug|Any CPU
		{8A4B2DD8-C7AE-4DE3-96F2-B03C8C772213}.Debug|x64.ActiveCfg = Debug|Any CPU
		{8A4B2DD8-C7AE-4DE3-96F2-B03C8C772213}.Debug|x64.Build.0 = Debug|Any CPU
		{8A4B2DD8-C7AE-4DE3-96F2-B03C8C772213}.Debug|x86.ActiveCfg = Debug|Any CPU
		{8A4B2DD8-C7AE-4DE3-96F2-B03C8C772213}.Debug|x86.Build.0 = Debug|Any CPU
		{8A4B2DD8-C7AE-4DE3-96F2-B03C8C772213}.Release|Any CPU.ActiveCfg = Release|Any CPU
		{8A4B2DD8-C7AE-4DE3-96F2-B03C8C772213}.Release|Any CPU.Build.0 = Release|Any CPU
		{8A4B2DD8-C7AE-4DE3-96F2-B03C8C772213}.Release|x64.ActiveCfg = Release|Any CPU
		{8A4B2DD8-C7AE-4DE3-96F2-B03C8C772213}.Release|x64.Build.0 = Release|Any CPU
		{8A4B2DD8-C7AE-4DE3-96F2-B03C8C772213}.Release|x86.ActiveCfg = Release|Any CPU
		{8A4B2DD8-C7AE-4DE3-96F2-B03C8C772213}.Release|x86.Build.0 = Release|Any CPU
	EndGlobalSection
	GlobalSection(SolutionProperties) = preSolution
		HideSolutionNode = FALSE
	EndGlobalSection
	GlobalSection(NestedProjects) = preSolution
		{8E8C485F-476B-4906-857B-0BE41038C3B3} = {827E0CD3-B72D-47B6-A68D-7590B98EB39B}
		{CEF722BE-91F3-4250-B202-09E793C70C41} = {827E0CD3-B72D-47B6-A68D-7590B98EB39B}
		{33910ECF-B293-4C1B-929F-98ED3DB0C5F4} = {827E0CD3-B72D-47B6-A68D-7590B98EB39B}
		{B9FC0F73-C03A-449B-8EC5-80BAF220FF78} = {827E0CD3-B72D-47B6-A68D-7590B98EB39B}
		{2D6E947A-4997-456E-9875-D9A7C8152E0D} = {827E0CD3-B72D-47B6-A68D-7590B98EB39B}
		{F1C3C344-ED47-4C69-ADE3-DBF8E2475642} = {827E0CD3-B72D-47B6-A68D-7590B98EB39B}
		{8A4B2DD8-C7AE-4DE3-96F2-B03C8C772213} = {827E0CD3-B72D-47B6-A68D-7590B98EB39B}
	EndGlobalSection
EndGlobal
